// !$*UTF8*$!
{
	archiveVersion = 1;
	classes = {
	};
	objectVersion = 60;
	objects = {

/* Begin PBXBuildFile section */
		D109F0CC2BB86BD0000DC8C6 /* AppDelegate.swift in Sources */ = {isa = PBXBuildFile; fileRef = D109F0CB2BB86BD0000DC8C6 /* AppDelegate.swift */; };
		D109F0CE2BB86BD0000DC8C6 /* SceneDelegate.swift in Sources */ = {isa = PBXBuildFile; fileRef = D109F0CD2BB86BD0000DC8C6 /* SceneDelegate.swift */; };
		D109F0D02BB86BD0000DC8C6 /* ViewController.swift in Sources */ = {isa = PBXBuildFile; fileRef = D109F0CF2BB86BD0000DC8C6 /* ViewController.swift */; };
		D109F0D32BB86BD0000DC8C6 /* Main.storyboard in Resources */ = {isa = PBXBuildFile; fileRef = D109F0D12BB86BD0000DC8C6 /* Main.storyboard */; };
		D109F0D52BB86BD1000DC8C6 /* Assets.xcassets in Resources */ = {isa = PBXBuildFile; fileRef = D109F0D42BB86BD1000DC8C6 /* Assets.xcassets */; };
		D109F0D82BB86BD1000DC8C6 /* LaunchScreen.storyboard in Resources */ = {isa = PBXBuildFile; fileRef = D109F0D62BB86BD1000DC8C6 /* LaunchScreen.storyboard */; };
		D109F0E32BB86BD1000DC8C6 /* RHStackCardDemoAppTests.swift in Sources */ = {isa = PBXBuildFile; fileRef = D109F0E22BB86BD1000DC8C6 /* RHStackCardDemoAppTests.swift */; };
		D109F0ED2BB86BD1000DC8C6 /* RHStackCardDemoAppUITests.swift in Sources */ = {isa = PBXBuildFile; fileRef = D109F0EC2BB86BD1000DC8C6 /* RHStackCardDemoAppUITests.swift */; };
		D109F0EF2BB86BD1000DC8C6 /* RHStackCardDemoAppUITestsLaunchTests.swift in Sources */ = {isa = PBXBuildFile; fileRef = D109F0EE2BB86BD1000DC8C6 /* RHStackCardDemoAppUITestsLaunchTests.swift */; };
		D109F0FD2BB86BEC000DC8C6 /* RHStackCard in Frameworks */ = {isa = PBXBuildFile; productRef = D109F0FC2BB86BEC000DC8C6 /* RHStackCard */; };
		D1D09A3C2BB86CC6002DE3EA /* CustomCard.swift in Sources */ = {isa = PBXBuildFile; fileRef = D1D09A3B2BB86CC6002DE3EA /* CustomCard.swift */; };
		D1D09A3E2BB86CD6002DE3EA /* CustomCardView.swift in Sources */ = {isa = PBXBuildFile; fileRef = D1D09A3D2BB86CD6002DE3EA /* CustomCardView.swift */; };
/* End PBXBuildFile section */

/* Begin PBXContainerItemProxy section */
		D109F0DF2BB86BD1000DC8C6 /* PBXContainerItemProxy */ = {
			isa = PBXContainerItemProxy;
			containerPortal = D109F0C02BB86BD0000DC8C6 /* Project object */;
			proxyType = 1;
			remoteGlobalIDString = D109F0C72BB86BD0000DC8C6;
			remoteInfo = RHStackCardDemoApp;
		};
		D109F0E92BB86BD1000DC8C6 /* PBXContainerItemProxy */ = {
			isa = PBXContainerItemProxy;
			containerPortal = D109F0C02BB86BD0000DC8C6 /* Project object */;
			proxyType = 1;
			remoteGlobalIDString = D109F0C72BB86BD0000DC8C6;
			remoteInfo = RHStackCardDemoApp;
		};
/* End PBXContainerItemProxy section */

/* Begin PBXFileReference section */
		D109F0C82BB86BD0000DC8C6 /* RHStackCardDemoApp.app */ = {isa = PBXFileReference; explicitFileType = wrapper.application; includeInIndex = 0; path = RHStackCardDemoApp.app; sourceTree = BUILT_PRODUCTS_DIR; };
		D109F0CB2BB86BD0000DC8C6 /* AppDelegate.swift */ = {isa = PBXFileReference; lastKnownFileType = sourcecode.swift; path = AppDelegate.swift; sourceTree = "<group>"; };
		D109F0CD2BB86BD0000DC8C6 /* SceneDelegate.swift */ = {isa = PBXFileReference; lastKnownFileType = sourcecode.swift; path = SceneDelegate.swift; sourceTree = "<group>"; };
		D109F0CF2BB86BD0000DC8C6 /* ViewController.swift */ = {isa = PBXFileReference; lastKnownFileType = sourcecode.swift; path = ViewController.swift; sourceTree = "<group>"; };
		D109F0D22BB86BD0000DC8C6 /* Base */ = {isa = PBXFileReference; lastKnownFileType = file.storyboard; name = Base; path = Base.lproj/Main.storyboard; sourceTree = "<group>"; };
		D109F0D42BB86BD1000DC8C6 /* Assets.xcassets */ = {isa = PBXFileReference; lastKnownFileType = folder.assetcatalog; path = Assets.xcassets; sourceTree = "<group>"; };
		D109F0D72BB86BD1000DC8C6 /* Base */ = {isa = PBXFileReference; lastKnownFileType = file.storyboard; name = Base; path = Base.lproj/LaunchScreen.storyboard; sourceTree = "<group>"; };
		D109F0D92BB86BD1000DC8C6 /* Info.plist */ = {isa = PBXFileReference; lastKnownFileType = text.plist.xml; path = Info.plist; sourceTree = "<group>"; };
		D109F0DE2BB86BD1000DC8C6 /* RHStackCardDemoAppTests.xctest */ = {isa = PBXFileReference; explicitFileType = wrapper.cfbundle; includeInIndex = 0; path = RHStackCardDemoAppTests.xctest; sourceTree = BUILT_PRODUCTS_DIR; };
		D109F0E22BB86BD1000DC8C6 /* RHStackCardDemoAppTests.swift */ = {isa = PBXFileReference; lastKnownFileType = sourcecode.swift; path = RHStackCardDemoAppTests.swift; sourceTree = "<group>"; };
		D109F0E82BB86BD1000DC8C6 /* RHStackCardDemoAppUITests.xctest */ = {isa = PBXFileReference; explicitFileType = wrapper.cfbundle; includeInIndex = 0; path = RHStackCardDemoAppUITests.xctest; sourceTree = BUILT_PRODUCTS_DIR; };
		D109F0EC2BB86BD1000DC8C6 /* RHStackCardDemoAppUITests.swift */ = {isa = PBXFileReference; lastKnownFileType = sourcecode.swift; path = RHStackCardDemoAppUITests.swift; sourceTree = "<group>"; };
		D109F0EE2BB86BD1000DC8C6 /* RHStackCardDemoAppUITestsLaunchTests.swift */ = {isa = PBXFileReference; lastKnownFileType = sourcecode.swift; path = RHStackCardDemoAppUITestsLaunchTests.swift; sourceTree = "<group>"; };
		D1D09A3B2BB86CC6002DE3EA /* CustomCard.swift */ = {isa = PBXFileReference; lastKnownFileType = sourcecode.swift; path = CustomCard.swift; sourceTree = "<group>"; };
		D1D09A3D2BB86CD6002DE3EA /* CustomCardView.swift */ = {isa = PBXFileReference; lastKnownFileType = sourcecode.swift; path = CustomCardView.swift; sourceTree = "<group>"; };
/* End PBXFileReference section */

/* Begin PBXFrameworksBuildPhase section */
		D109F0C52BB86BD0000DC8C6 /* Frameworks */ = {
			isa = PBXFrameworksBuildPhase;
			buildActionMask = 2147483647;
			files = (
				D109F0FD2BB86BEC000DC8C6 /* RHStackCard in Frameworks */,
			);
			runOnlyForDeploymentPostprocessing = 0;
		};
		D109F0DB2BB86BD1000DC8C6 /* Frameworks */ = {
			isa = PBXFrameworksBuildPhase;
			buildActionMask = 2147483647;
			files = (
			);
			runOnlyForDeploymentPostprocessing = 0;
		};
		D109F0E52BB86BD1000DC8C6 /* Frameworks */ = {
			isa = PBXFrameworksBuildPhase;
			buildActionMask = 2147483647;
			files = (
			);
			runOnlyForDeploymentPostprocessing = 0;
		};
/* End PBXFrameworksBuildPhase section */

/* Begin PBXGroup section */
		D109F0BF2BB86BD0000DC8C6 = {
			isa = PBXGroup;
			children = (
				D109F0CA2BB86BD0000DC8C6 /* RHStackCardDemoApp */,
				D109F0E12BB86BD1000DC8C6 /* RHStackCardDemoAppTests */,
				D109F0EB2BB86BD1000DC8C6 /* RHStackCardDemoAppUITests */,
				D109F0C92BB86BD0000DC8C6 /* Products */,
			);
			sourceTree = "<group>";
		};
		D109F0C92BB86BD0000DC8C6 /* Products */ = {
			isa = PBXGroup;
			children = (
				D109F0C82BB86BD0000DC8C6 /* RHStackCardDemoApp.app */,
				D109F0DE2BB86BD1000DC8C6 /* RHStackCardDemoAppTests.xctest */,
				D109F0E82BB86BD1000DC8C6 /* RHStackCardDemoAppUITests.xctest */,
			);
			name = Products;
			sourceTree = "<group>";
		};
		D109F0CA2BB86BD0000DC8C6 /* RHStackCardDemoApp */ = {
			isa = PBXGroup;
			children = (
				D109F0CB2BB86BD0000DC8C6 /* AppDelegate.swift */,
				D109F0CD2BB86BD0000DC8C6 /* SceneDelegate.swift */,
				D109F0CF2BB86BD0000DC8C6 /* ViewController.swift */,
				D1D09A3B2BB86CC6002DE3EA /* CustomCard.swift */,
				D1D09A3D2BB86CD6002DE3EA /* CustomCardView.swift */,
				D109F0D12BB86BD0000DC8C6 /* Main.storyboard */,
				D109F0D42BB86BD1000DC8C6 /* Assets.xcassets */,
				D109F0D62BB86BD1000DC8C6 /* LaunchScreen.storyboard */,
				D109F0D92BB86BD1000DC8C6 /* Info.plist */,
			);
			path = RHStackCardDemoApp;
			sourceTree = "<group>";
		};
		D109F0E12BB86BD1000DC8C6 /* RHStackCardDemoAppTests */ = {
			isa = PBXGroup;
			children = (
				D109F0E22BB86BD1000DC8C6 /* RHStackCardDemoAppTests.swift */,
			);
			path = RHStackCardDemoAppTests;
			sourceTree = "<group>";
		};
		D109F0EB2BB86BD1000DC8C6 /* RHStackCardDemoAppUITests */ = {
			isa = PBXGroup;
			children = (
				D109F0EC2BB86BD1000DC8C6 /* RHStackCardDemoAppUITests.swift */,
				D109F0EE2BB86BD1000DC8C6 /* RHStackCardDemoAppUITestsLaunchTests.swift */,
			);
			path = RHStackCardDemoAppUITests;
			sourceTree = "<group>";
		};
/* End PBXGroup section */

/* Begin PBXNativeTarget section */
		D109F0C72BB86BD0000DC8C6 /* RHStackCardDemoApp */ = {
			isa = PBXNativeTarget;
			buildConfigurationList = D109F0F22BB86BD1000DC8C6 /* Build configuration list for PBXNativeTarget "RHStackCardDemoApp" */;
			buildPhases = (
				D109F0C42BB86BD0000DC8C6 /* Sources */,
				D109F0C52BB86BD0000DC8C6 /* Frameworks */,
				D109F0C62BB86BD0000DC8C6 /* Resources */,
			);
			buildRules = (
			);
			dependencies = (
			);
			name = RHStackCardDemoApp;
			packageProductDependencies = (
				D109F0FC2BB86BEC000DC8C6 /* RHStackCard */,
			);
			productName = RHStackCardDemoApp;
			productReference = D109F0C82BB86BD0000DC8C6 /* RHStackCardDemoApp.app */;
			productType = "com.apple.product-type.application";
		};
		D109F0DD2BB86BD1000DC8C6 /* RHStackCardDemoAppTests */ = {
			isa = PBXNativeTarget;
			buildConfigurationList = D109F0F52BB86BD1000DC8C6 /* Build configuration list for PBXNativeTarget "RHStackCardDemoAppTests" */;
			buildPhases = (
				D109F0DA2BB86BD1000DC8C6 /* Sources */,
				D109F0DB2BB86BD1000DC8C6 /* Frameworks */,
				D109F0DC2BB86BD1000DC8C6 /* Resources */,
			);
			buildRules = (
			);
			dependencies = (
				D109F0E02BB86BD1000DC8C6 /* PBXTargetDependency */,
			);
			name = RHStackCardDemoAppTests;
			productName = RHStackCardDemoAppTests;
			productReference = D109F0DE2BB86BD1000DC8C6 /* RHStackCardDemoAppTests.xctest */;
			productType = "com.apple.product-type.bundle.unit-test";
		};
		D109F0E72BB86BD1000DC8C6 /* RHStackCardDemoAppUITests */ = {
			isa = PBXNativeTarget;
			buildConfigurationList = D109F0F82BB86BD1000DC8C6 /* Build configuration list for PBXNativeTarget "RHStackCardDemoAppUITests" */;
			buildPhases = (
				D109F0E42BB86BD1000DC8C6 /* Sources */,
				D109F0E52BB86BD1000DC8C6 /* Frameworks */,
				D109F0E62BB86BD1000DC8C6 /* Resources */,
			);
			buildRules = (
			);
			dependencies = (
				D109F0EA2BB86BD1000DC8C6 /* PBXTargetDependency */,
			);
			name = RHStackCardDemoAppUITests;
			productName = RHStackCardDemoAppUITests;
			productReference = D109F0E82BB86BD1000DC8C6 /* RHStackCardDemoAppUITests.xctest */;
			productType = "com.apple.product-type.bundle.ui-testing";
		};
/* End PBXNativeTarget section */

/* Begin PBXProject section */
		D109F0C02BB86BD0000DC8C6 /* Project object */ = {
			isa = PBXProject;
			attributes = {
				BuildIndependentTargetsInParallel = 1;
				LastSwiftUpdateCheck = 1520;
				LastUpgradeCheck = 1520;
				TargetAttributes = {
					D109F0C72BB86BD0000DC8C6 = {
						CreatedOnToolsVersion = 15.2;
					};
					D109F0DD2BB86BD1000DC8C6 = {
						CreatedOnToolsVersion = 15.2;
						TestTargetID = D109F0C72BB86BD0000DC8C6;
					};
					D109F0E72BB86BD1000DC8C6 = {
						CreatedOnToolsVersion = 15.2;
						TestTargetID = D109F0C72BB86BD0000DC8C6;
					};
				};
			};
			buildConfigurationList = D109F0C32BB86BD0000DC8C6 /* Build configuration list for PBXProject "RHStackCardDemoApp" */;
			compatibilityVersion = "Xcode 14.0";
			developmentRegion = en;
			hasScannedForEncodings = 0;
			knownRegions = (
				en,
				Base,
			);
			mainGroup = D109F0BF2BB86BD0000DC8C6;
			packageReferences = (
				D109F0FB2BB86BEC000DC8C6 /* XCLocalSwiftPackageReference "../RHStackCard" */,
			);
			productRefGroup = D109F0C92BB86BD0000DC8C6 /* Products */;
			projectDirPath = "";
			projectRoot = "";
			targets = (
				D109F0C72BB86BD0000DC8C6 /* RHStackCardDemoApp */,
				D109F0DD2BB86BD1000DC8C6 /* RHStackCardDemoAppTests */,
				D109F0E72BB86BD1000DC8C6 /* RHStackCardDemoAppUITests */,
			);
		};
/* End PBXProject section */

/* Begin PBXResourcesBuildPhase section */
		D109F0C62BB86BD0000DC8C6 /* Resources */ = {
			isa = PBXResourcesBuildPhase;
			buildActionMask = 2147483647;
			files = (
				D109F0D82BB86BD1000DC8C6 /* LaunchScreen.storyboard in Resources */,
				D109F0D52BB86BD1000DC8C6 /* Assets.xcassets in Resources */,
				D109F0D32BB86BD0000DC8C6 /* Main.storyboard in Resources */,
			);
			runOnlyForDeploymentPostprocessing = 0;
		};
		D109F0DC2BB86BD1000DC8C6 /* Resources */ = {
			isa = PBXResourcesBuildPhase;
			buildActionMask = 2147483647;
			files = (
			);
			runOnlyForDeploymentPostprocessing = 0;
		};
		D109F0E62BB86BD1000DC8C6 /* Resources */ = {
			isa = PBXResourcesBuildPhase;
			buildActionMask = 2147483647;
			files = (
			);
			runOnlyForDeploymentPostprocessing = 0;
		};
/* End PBXResourcesBuildPhase section */

/* Begin PBXSourcesBuildPhase section */
		D109F0C42BB86BD0000DC8C6 /* Sources */ = {
			isa = PBXSourcesBuildPhase;
			buildActionMask = 2147483647;
			files = (
				D1D09A3C2BB86CC6002DE3EA /* CustomCard.swift in Sources */,
				D109F0D02BB86BD0000DC8C6 /* ViewController.swift in Sources */,
				D1D09A3E2BB86CD6002DE3EA /* CustomCardView.swift in Sources */,
				D109F0CC2BB86BD0000DC8C6 /* AppDelegate.swift in Sources */,
				D109F0CE2BB86BD0000DC8C6 /* SceneDelegate.swift in Sources */,
			);
			runOnlyForDeploymentPostprocessing = 0;
		};
		D109F0DA2BB86BD1000DC8C6 /* Sources */ = {
			isa = PBXSourcesBuildPhase;
			buildActionMask = 2147483647;
			files = (
				D109F0E32BB86BD1000DC8C6 /* RHStackCardDemoAppTests.swift in Sources */,
			);
			runOnlyForDeploymentPostprocessing = 0;
		};
		D109F0E42BB86BD1000DC8C6 /* Sources */ = {
			isa = PBXSourcesBuildPhase;
			buildActionMask = 2147483647;
			files = (
				D109F0EF2BB86BD1000DC8C6 /* RHStackCardDemoAppUITestsLaunchTests.swift in Sources */,
				D109F0ED2BB86BD1000DC8C6 /* RHStackCardDemoAppUITests.swift in Sources */,
			);
			runOnlyForDeploymentPostprocessing = 0;
		};
/* End PBXSourcesBuildPhase section */

/* Begin PBXTargetDependency section */
		D109F0E02BB86BD1000DC8C6 /* PBXTargetDependency */ = {
			isa = PBXTargetDependency;
			target = D109F0C72BB86BD0000DC8C6 /* RHStackCardDemoApp */;
			targetProxy = D109F0DF2BB86BD1000DC8C6 /* PBXContainerItemProxy */;
		};
		D109F0EA2BB86BD1000DC8C6 /* PBXTargetDependency */ = {
			isa = PBXTargetDependency;
			target = D109F0C72BB86BD0000DC8C6 /* RHStackCardDemoApp */;
			targetProxy = D109F0E92BB86BD1000DC8C6 /* PBXContainerItemProxy */;
		};
/* End PBXTargetDependency section */

/* Begin PBXVariantGroup section */
		D109F0D12BB86BD0000DC8C6 /* Main.storyboard */ = {
			isa = PBXVariantGroup;
			children = (
				D109F0D22BB86BD0000DC8C6 /* Base */,
			);
			name = Main.storyboard;
			sourceTree = "<group>";
		};
		D109F0D62BB86BD1000DC8C6 /* LaunchScreen.storyboard */ = {
			isa = PBXVariantGroup;
			children = (
				D109F0D72BB86BD1000DC8C6 /* Base */,
			);
			name = LaunchScreen.storyboard;
			sourceTree = "<group>";
		};
/* End PBXVariantGroup section */

/* Begin XCBuildConfiguration section */
		D109F0F02BB86BD1000DC8C6 /* Debug */ = {
			isa = XCBuildConfiguration;
			buildSettings = {
				ALWAYS_SEARCH_USER_PATHS = NO;
				ASSETCATALOG_COMPILER_GENERATE_SWIFT_ASSET_SYMBOL_EXTENSIONS = YES;
				CLANG_ANALYZER_NONNULL = YES;
				CLANG_ANALYZER_NUMBER_OBJECT_CONVERSION = YES_AGGRESSIVE;
				CLANG_CXX_LANGUAGE_STANDARD = "gnu++20";
				CLANG_ENABLE_MODULES = YES;
				CLANG_ENABLE_OBJC_ARC = YES;
				CLANG_ENABLE_OBJC_WEAK = YES;
				CLANG_WARN_BLOCK_CAPTURE_AUTORELEASING = YES;
				CLANG_WARN_BOOL_CONVERSION = YES;
				CLANG_WARN_COMMA = YES;
				CLANG_WARN_CONSTANT_CONVERSION = YES;
				CLANG_WARN_DEPRECATED_OBJC_IMPLEMENTATIONS = YES;
				CLANG_WARN_DIRECT_OBJC_ISA_USAGE = YES_ERROR;
				CLANG_WARN_DOCUMENTATION_COMMENTS = YES;
				CLANG_WARN_EMPTY_BODY = YES;
				CLANG_WARN_ENUM_CONVERSION = YES;
				CLANG_WARN_INFINITE_RECURSION = YES;
				CLANG_WARN_INT_CONVERSION = YES;
				CLANG_WARN_NON_LITERAL_NULL_CONVERSION = YES;
				CLANG_WARN_OBJC_IMPLICIT_RETAIN_SELF = YES;
				CLANG_WARN_OBJC_LITERAL_CONVERSION = YES;
				CLANG_WARN_OBJC_ROOT_CLASS = YES_ERROR;
				CLANG_WARN_QUOTED_INCLUDE_IN_FRAMEWORK_HEADER = YES;
				CLANG_WARN_RANGE_LOOP_ANALYSIS = YES;
				CLANG_WARN_STRICT_PROTOTYPES = YES;
				CLANG_WARN_SUSPICIOUS_MOVE = YES;
				CLANG_WARN_UNGUARDED_AVAILABILITY = YES_AGGRESSIVE;
				CLANG_WARN_UNREACHABLE_CODE = YES;
				CLANG_WARN__DUPLICATE_METHOD_MATCH = YES;
				COPY_PHASE_STRIP = NO;
				DEBUG_INFORMATION_FORMAT = dwarf;
				ENABLE_STRICT_OBJC_MSGSEND = YES;
				ENABLE_TESTABILITY = YES;
				ENABLE_USER_SCRIPT_SANDBOXING = YES;
				GCC_C_LANGUAGE_STANDARD = gnu17;
				GCC_DYNAMIC_NO_PIC = NO;
				GCC_NO_COMMON_BLOCKS = YES;
				GCC_OPTIMIZATION_LEVEL = 0;
				GCC_PREPROCESSOR_DEFINITIONS = (
					"DEBUG=1",
					"$(inherited)",
				);
				GCC_WARN_64_TO_32_BIT_CONVERSION = YES;
				GCC_WARN_ABOUT_RETURN_TYPE = YES_ERROR;
				GCC_WARN_UNDECLARED_SELECTOR = YES;
				GCC_WARN_UNINITIALIZED_AUTOS = YES_AGGRESSIVE;
				GCC_WARN_UNUSED_FUNCTION = YES;
				GCC_WARN_UNUSED_VARIABLE = YES;
				IPHONEOS_DEPLOYMENT_TARGET = 17.2;
				LOCALIZATION_PREFERS_STRING_CATALOGS = YES;
				MTL_ENABLE_DEBUG_INFO = INCLUDE_SOURCE;
				MTL_FAST_MATH = YES;
				ONLY_ACTIVE_ARCH = YES;
				SDKROOT = iphoneos;
				SWIFT_ACTIVE_COMPILATION_CONDITIONS = "DEBUG $(inherited)";
				SWIFT_OPTIMIZATION_LEVEL = "-Onone";
			};
			name = Debug;
		};
		D109F0F12BB86BD1000DC8C6 /* Release */ = {
			isa = XCBuildConfiguration;
			buildSettings = {
				ALWAYS_SEARCH_USER_PATHS = NO;
				ASSETCATALOG_COMPILER_GENERATE_SWIFT_ASSET_SYMBOL_EXTENSIONS = YES;
				CLANG_ANALYZER_NONNULL = YES;
				CLANG_ANALYZER_NUMBER_OBJECT_CONVERSION = YES_AGGRESSIVE;
				CLANG_CXX_LANGUAGE_STANDARD = "gnu++20";
				CLANG_ENABLE_MODULES = YES;
				CLANG_ENABLE_OBJC_ARC = YES;
				CLANG_ENABLE_OBJC_WEAK = YES;
				CLANG_WARN_BLOCK_CAPTURE_AUTORELEASING = YES;
				CLANG_WARN_BOOL_CONVERSION = YES;
				CLANG_WARN_COMMA = YES;
				CLANG_WARN_CONSTANT_CONVERSION = YES;
				CLANG_WARN_DEPRECATED_OBJC_IMPLEMENTATIONS = YES;
				CLANG_WARN_DIRECT_OBJC_ISA_USAGE = YES_ERROR;
				CLANG_WARN_DOCUMENTATION_COMMENTS = YES;
				CLANG_WARN_EMPTY_BODY = YES;
				CLANG_WARN_ENUM_CONVERSION = YES;
				CLANG_WARN_INFINITE_RECURSION = YES;
				CLANG_WARN_INT_CONVERSION = YES;
				CLANG_WARN_NON_LITERAL_NULL_CONVERSION = YES;
				CLANG_WARN_OBJC_IMPLICIT_RETAIN_SELF = YES;
				CLANG_WARN_OBJC_LITERAL_CONVERSION = YES;
				CLANG_WARN_OBJC_ROOT_CLASS = YES_ERROR;
				CLANG_WARN_QUOTED_INCLUDE_IN_FRAMEWORK_HEADER = YES;
				CLANG_WARN_RANGE_LOOP_ANALYSIS = YES;
				CLANG_WARN_STRICT_PROTOTYPES = YES;
				CLANG_WARN_SUSPICIOUS_MOVE = YES;
				CLANG_WARN_UNGUARDED_AVAILABILITY = YES_AGGRESSIVE;
				CLANG_WARN_UNREACHABLE_CODE = YES;
				CLANG_WARN__DUPLICATE_METHOD_MATCH = YES;
				COPY_PHASE_STRIP = NO;
				DEBUG_INFORMATION_FORMAT = "dwarf-with-dsym";
				ENABLE_NS_ASSERTIONS = NO;
				ENABLE_STRICT_OBJC_MSGSEND = YES;
				ENABLE_USER_SCRIPT_SANDBOXING = YES;
				GCC_C_LANGUAGE_STANDARD = gnu17;
				GCC_NO_COMMON_BLOCKS = YES;
				GCC_WARN_64_TO_32_BIT_CONVERSION = YES;
				GCC_WARN_ABOUT_RETURN_TYPE = YES_ERROR;
				GCC_WARN_UNDECLARED_SELECTOR = YES;
				GCC_WARN_UNINITIALIZED_AUTOS = YES_AGGRESSIVE;
				GCC_WARN_UNUSED_FUNCTION = YES;
				GCC_WARN_UNUSED_VARIABLE = YES;
				IPHONEOS_DEPLOYMENT_TARGET = 17.2;
				LOCALIZATION_PREFERS_STRING_CATALOGS = YES;
				MTL_ENABLE_DEBUG_INFO = NO;
				MTL_FAST_MATH = YES;
				SDKROOT = iphoneos;
				SWIFT_COMPILATION_MODE = wholemodule;
				VALIDATE_PRODUCT = YES;
			};
			name = Release;
		};
		D109F0F32BB86BD1000DC8C6 /* Debug */ = {
			isa = XCBuildConfiguration;
			buildSettings = {
				ASSETCATALOG_COMPILER_APPICON_NAME = AppIcon;
				ASSETCATALOG_COMPILER_GLOBAL_ACCENT_COLOR_NAME = AccentColor;
				CODE_SIGN_STYLE = Automatic;
				CURRENT_PROJECT_VERSION = 1;
				DEVELOPMENT_TEAM = WAGW44Z6JC;
				GENERATE_INFOPLIST_FILE = YES;
				INFOPLIST_FILE = RHStackCardDemoApp/Info.plist;
				INFOPLIST_KEY_UIApplicationSupportsIndirectInputEvents = YES;
				INFOPLIST_KEY_UILaunchStoryboardName = LaunchScreen;
				INFOPLIST_KEY_UIMainStoryboardFile = Main;
				INFOPLIST_KEY_UISupportedInterfaceOrientations_iPad = "UIInterfaceOrientationPortrait UIInterfaceOrientationPortraitUpsideDown UIInterfaceOrientationLandscapeLeft UIInterfaceOrientationLandscapeRight";
				INFOPLIST_KEY_UISupportedInterfaceOrientations_iPhone = "UIInterfaceOrientationPortrait UIInterfaceOrientationLandscapeLeft UIInterfaceOrientationLandscapeRight";
				IPHONEOS_DEPLOYMENT_TARGET = 16.0;
				LD_RUNPATH_SEARCH_PATHS = (
					"$(inherited)",
					"@executable_path/Frameworks",
				);
				MARKETING_VERSION = 1.0;
				PRODUCT_BUNDLE_IDENTIFIER = devlab.com.RHStackCardDemoApp;
				PRODUCT_NAME = "$(TARGET_NAME)";
				SWIFT_EMIT_LOC_STRINGS = YES;
				SWIFT_VERSION = 5.0;
				TARGETED_DEVICE_FAMILY = "1,2";
			};
			name = Debug;
		};
		D109F0F42BB86BD1000DC8C6 /* Release */ = {
			isa = XCBuildConfiguration;
			buildSettings = {
				ASSETCATALOG_COMPILER_APPICON_NAME = AppIcon;
				ASSETCATALOG_COMPILER_GLOBAL_ACCENT_COLOR_NAME = AccentColor;
				CODE_SIGN_STYLE = Automatic;
				CURRENT_PROJECT_VERSION = 1;
				DEVELOPMENT_TEAM = WAGW44Z6JC;
				GENERATE_INFOPLIST_FILE = YES;
				INFOPLIST_FILE = RHStackCardDemoApp/Info.plist;
				INFOPLIST_KEY_UIApplicationSupportsIndirectInputEvents = YES;
				INFOPLIST_KEY_UILaunchStoryboardName = LaunchScreen;
				INFOPLIST_KEY_UIMainStoryboardFile = Main;
				INFOPLIST_KEY_UISupportedInterfaceOrientations_iPad = "UIInterfaceOrientationPortrait UIInterfaceOrientationPortraitUpsideDown UIInterfaceOrientationLandscapeLeft UIInterfaceOrientationLandscapeRight";
				INFOPLIST_KEY_UISupportedInterfaceOrientations_iPhone = "UIInterfaceOrientationPortrait UIInterfaceOrientationLandscapeLeft UIInterfaceOrientationLandscapeRight";
				IPHONEOS_DEPLOYMENT_TARGET = 16.0;
				LD_RUNPATH_SEARCH_PATHS = (
					"$(inherited)",
					"@executable_path/Frameworks",
				);
				MARKETING_VERSION = 1.0;
				PRODUCT_BUNDLE_IDENTIFIER = devlab.com.RHStackCardDemoApp;
				PRODUCT_NAME = "$(TARGET_NAME)";
				SWIFT_EMIT_LOC_STRINGS = YES;
				SWIFT_VERSION = 5.0;
				TARGETED_DEVICE_FAMILY = "1,2";
			};
			name = Release;
		};
		D109F0F62BB86BD1000DC8C6 /* Debug */ = {
			isa = XCBuildConfiguration;
			buildSettings = {
				ALWAYS_EMBED_SWIFT_STANDARD_LIBRARIES = YES;
				BUNDLE_LOADER = "$(TEST_HOST)";
				CODE_SIGN_STYLE = Automatic;
				CURRENT_PROJECT_VERSION = 1;
				DEVELOPMENT_TEAM = WAGW44Z6JC;
				GENERATE_INFOPLIST_FILE = YES;
				IPHONEOS_DEPLOYMENT_TARGET = 17.2;
				MARKETING_VERSION = 1.0;
				PRODUCT_BUNDLE_IDENTIFIER = devlab.com.RHStackCardDemoAppTests;
				PRODUCT_NAME = "$(TARGET_NAME)";
				SWIFT_EMIT_LOC_STRINGS = NO;
				SWIFT_VERSION = 5.0;
				TARGETED_DEVICE_FAMILY = "1,2";
				TEST_HOST = "$(BUILT_PRODUCTS_DIR)/RHStackCardDemoApp.app/$(BUNDLE_EXECUTABLE_FOLDER_PATH)/RHStackCardDemoApp";
			};
			name = Debug;
		};
		D109F0F72BB86BD1000DC8C6 /* Release */ = {
			isa = XCBuildConfiguration;
			buildSettings = {
				ALWAYS_EMBED_SWIFT_STANDARD_LIBRARIES = YES;
				BUNDLE_LOADER = "$(TEST_HOST)";
				CODE_SIGN_STYLE = Automatic;
				CURRENT_PROJECT_VERSION = 1;
				DEVELOPMENT_TEAM = WAGW44Z6JC;
				GENERATE_INFOPLIST_FILE = YES;
				IPHONEOS_DEPLOYMENT_TARGET = 17.2;
				MARKETING_VERSION = 1.0;
				PRODUCT_BUNDLE_IDENTIFIER = devlab.com.RHStackCardDemoAppTests;
				PRODUCT_NAME = "$(TARGET_NAME)";
				SWIFT_EMIT_LOC_STRINGS = NO;
				SWIFT_VERSION = 5.0;
				TARGETED_DEVICE_FAMILY = "1,2";
				TEST_HOST = "$(BUILT_PRODUCTS_DIR)/RHStackCardDemoApp.app/$(BUNDLE_EXECUTABLE_FOLDER_PATH)/RHStackCardDemoApp";
			};
			name = Release;
		};
		D109F0F92BB86BD1000DC8C6 /* Debug */ = {
			isa = XCBuildConfiguration;
			buildSettings = {
				ALWAYS_EMBED_SWIFT_STANDARD_LIBRARIES = YES;
				CODE_SIGN_STYLE = Automatic;
				CURRENT_PROJECT_VERSION = 1;
				DEVELOPMENT_TEAM = WAGW44Z6JC;
				GENERATE_INFOPLIST_FILE = YES;
				MARKETING_VERSION = 1.0;
				PRODUCT_BUNDLE_IDENTIFIER = devlab.com.RHStackCardDemoAppUITests;
				PRODUCT_NAME = "$(TARGET_NAME)";
				SWIFT_EMIT_LOC_STRINGS = NO;
				SWIFT_VERSION = 5.0;
				TARGETED_DEVICE_FAMILY = "1,2";
				TEST_TARGET_NAME = RHStackCardDemoApp;
			};
			name = Debug;
		};
		D109F0FA2BB86BD1000DC8C6 /* Release */ = {
			isa = XCBuildConfiguration;
			buildSettings = {
				ALWAYS_EMBED_SWIFT_STANDARD_LIBRARIES = YES;
				CODE_SIGN_STYLE = Automatic;
				CURRENT_PROJECT_VERSION = 1;
				DEVELOPMENT_TEAM = WAGW44Z6JC;
				GENERATE_INFOPLIST_FILE = YES;
				MARKETING_VERSION = 1.0;
				PRODUCT_BUNDLE_IDENTIFIER = devlab.com.RHStackCardDemoAppUITests;
				PRODUCT_NAME = "$(TARGET_NAME)";
				SWIFT_EMIT_LOC_STRINGS = NO;
				SWIFT_VERSION = 5.0;
				TARGETED_DEVICE_FAMILY = "1,2";
				TEST_TARGET_NAME = RHStackCardDemoApp;
			};
			name = Release;
		};
/* End XCBuildConfiguration section */

/* Begin XCConfigurationList section */
		D109F0C32BB86BD0000DC8C6 /* Build configuration list for PBXProject "RHStackCardDemoApp" */ = {
			isa = XCConfigurationList;
			buildConfigurations = (
				D109F0F02BB86BD1000DC8C6 /* Debug */,
				D109F0F12BB86BD1000DC8C6 /* Release */,
			);
			defaultConfigurationIsVisible = 0;
			defaultConfigurationName = Release;
		};
		D109F0F22BB86BD1000DC8C6 /* Build configuration list for PBXNativeTarget "RHStackCardDemoApp" */ = {
			isa = XCConfigurationList;
			buildConfigurations = (
				D109F0F32BB86BD1000DC8C6 /* Debug */,
				D109F0F42BB86BD1000DC8C6 /* Release */,
			);
			defaultConfigurationIsVisible = 0;
			defaultConfigurationName = Release;
		};
		D109F0F52BB86BD1000DC8C6 /* Build configuration list for PBXNativeTarget "RHStackCardDemoAppTests" */ = {
			isa = XCConfigurationList;
			buildConfigurations = (
				D109F0F62BB86BD1000DC8C6 /* Debug */,
				D109F0F72BB86BD1000DC8C6 /* Release */,
			);
			defaultConfigurationIsVisible = 0;
			defaultConfigurationName = Release;
		};
		D109F0F82BB86BD1000DC8C6 /* Build configuration list for PBXNativeTarget "RHStackCardDemoAppUITests" */ = {
			isa = XCConfigurationList;
			buildConfigurations = (
				D109F0F92BB86BD1000DC8C6 /* Debug */,
				D109F0FA2BB86BD1000DC8C6 /* Release */,
			);
			defaultConfigurationIsVisible = 0;
			defaultConfigurationName = Release;
		};
/* End XCConfigurationList section */

/* Begin XCLocalSwiftPackageReference section */
		D109F0FB2BB86BEC000DC8C6 /* XCLocalSwiftPackageReference "../RHStackCard" */ = {
			isa = XCLocalSwiftPackageReference;
			relativePath = ../RHStackCard;
		};
/* End XCLocalSwiftPackageReference section */

/* Begin XCSwiftPackageProductDependency section */
		D109F0FC2BB86BEC000DC8C6 /* RHStackCard */ = {
			isa = XCSwiftPackageProductDependency;
			productName = RHStackCard;
		};
/* End XCSwiftPackageProductDependency section */
	};
	rootObject = D109F0C02BB86BD0000DC8C6 /* Project object */;
}
